{
  "object": {
    "pins": [
      {
        "package": "SimpleSoundPlayer",
        "repositoryURL": "https://github.com/raku-pro/SimpleSoundPlayer",
        "state": {
          "branch": null,
          "revision": "5674b4289aa8840681e7cf861634972885d16946",
          "version": "1.1.0"
        }
      }
    ]
  },
  "version": 1
}
